
Microsoft Visual Studio Solution File, Format Version 12.00
# Visual Studio Version 16
VisualStudioVersion = 16.0.29001.49
MinimumVisualStudioVersion = 10.0.40219.1
Project("{9A19103F-16F7-4668-BE54-9A1E7A4F7556}") = "ZipLib", "ZipLib\ZipLib.csproj", "{9F008A35-4D5B-49D3-BC33-75E6F7488E09}"
EndProject
Project("{2150E333-8FDC-42A3-9474-1A3956D46DE8}") = "Test", "Test", "{4235B879-0D3E-471F-AAC6-BDE4E665014B}"
EndProject
Project("{9A19103F-16F7-4668-BE54-9A1E7A4F7556}") = "XunitZipTests", "Test\XunitZipTests\XunitZipTests.csproj", "{1C7F6A22-5D5F-4AE6-9D88-E536D6742351}"
EndProject
Project("{9A19103F-16F7-4668-BE54-9A1E7A4F7556}") = "OpenApiDemo", "OpenApiDemo\OpenApiDemo.csproj", "{74E849B1-7131-421F-BF46-0F0E7C4848D6}"
EndProject
Project("{9A19103F-16F7-4668-BE54-9A1E7A4F7556}") = "zipper", "zipper\zipper.csproj", "{AD2B88BE-EF3D-419D-BCB8-42A32E7A46CB}"
EndProject
Project("{9A19103F-16F7-4668-BE54-9A1E7A4F7556}") = "moncon", "moncon\moncon.csproj", "{8200B3E6-9CFC-4B1A-A1A2-8FCFA1BB49BC}"
EndProject
Project("{9A19103F-16F7-4668-BE54-9A1E7A4F7556}") = "LogApi", "LogApi\LogApi.csproj", "{DC9672B0-E065-467E-B5E3-CCE91BB63893}"
EndProject
Project("{9A19103F-16F7-4668-BE54-9A1E7A4F7556}") = "SRF.FileLogging", "Logging\SRF.FileLogging.csproj", "{9EE8D6F0-FEB9-48DA-A52E-33983B00DA84}"
EndProject
Project("{9A19103F-16F7-4668-BE54-9A1E7A4F7556}") = "LogWorker", "LogWorker\LogWorker.csproj", "{7AD14EED-0B02-4D7C-9970-4AF0389DD224}"
EndProject
Project("{9A19103F-16F7-4668-BE54-9A1E7A4F7556}") = "SRF.CommandItems", "SRF.CommandItems\SRF.CommandItems.csproj", "{3DD2781D-01BB-4B9A-87D5-3E3E99F0B088}"
EndProject
Project("{9A19103F-16F7-4668-BE54-9A1E7A4F7556}") = "LogApiTestClient", "LogApiTestClient\LogApiTestClient.csproj", "{30A09044-4938-4665-9E19-A539E149B0FC}"
EndProject
Project("{2150E333-8FDC-42A3-9474-1A3956D46DE8}") = "Solution Items", "Solution Items", "{9EFCCDE8-118C-41D0-9741-7ECC66E530D3}"
	ProjectSection(SolutionItems) = preProject
		.editorconfig = .editorconfig
	EndProjectSection
EndProject
Project("{9A19103F-16F7-4668-BE54-9A1E7A4F7556}") = "SRF.BasicAuth", "SRF.BasicAuth\SRF.BasicAuth.csproj", "{AACA27A9-8D87-426C-826D-401B770FA5F3}"
EndProject
Project("{FAE04EC0-301F-11D3-BF4B-00C04F79EFBC}") = "iopipeline", "iopipeline\iopipeline.csproj", "{ABD9552C-AFE0-4CBC-BCA7-B952E7F654F2}"
EndProject
Global
	GlobalSection(SolutionConfigurationPlatforms) = preSolution
		Debug|Any CPU = Debug|Any CPU
		Release|Any CPU = Release|Any CPU
	EndGlobalSection
	GlobalSection(ProjectConfigurationPlatforms) = postSolution
		{9F008A35-4D5B-49D3-BC33-75E6F7488E09}.Debug|Any CPU.ActiveCfg = Debug|Any CPU
		{9F008A35-4D5B-49D3-BC33-75E6F7488E09}.Debug|Any CPU.Build.0 = Debug|Any CPU
		{9F008A35-4D5B-49D3-BC33-75E6F7488E09}.Release|Any CPU.ActiveCfg = Release|Any CPU
		{9F008A35-4D5B-49D3-BC33-75E6F7488E09}.Release|Any CPU.Build.0 = Release|Any CPU
		{1C7F6A22-5D5F-4AE6-9D88-E536D6742351}.Debug|Any CPU.ActiveCfg = Debug|Any CPU
		{1C7F6A22-5D5F-4AE6-9D88-E536D6742351}.Debug|Any CPU.Build.0 = Debug|Any CPU
		{1C7F6A22-5D5F-4AE6-9D88-E536D6742351}.Release|Any CPU.ActiveCfg = Release|Any CPU
		{1C7F6A22-5D5F-4AE6-9D88-E536D6742351}.Release|Any CPU.Build.0 = Release|Any CPU
		{74E849B1-7131-421F-BF46-0F0E7C4848D6}.Debug|Any CPU.ActiveCfg = Debug|Any CPU
		{74E849B1-7131-421F-BF46-0F0E7C4848D6}.Debug|Any CPU.Build.0 = Debug|Any CPU
		{74E849B1-7131-421F-BF46-0F0E7C4848D6}.Release|Any CPU.ActiveCfg = Release|Any CPU
		{74E849B1-7131-421F-BF46-0F0E7C4848D6}.Release|Any CPU.Build.0 = Release|Any CPU
		{AD2B88BE-EF3D-419D-BCB8-42A32E7A46CB}.Debug|Any CPU.ActiveCfg = Debug|Any CPU
		{AD2B88BE-EF3D-419D-BCB8-42A32E7A46CB}.Debug|Any CPU.Build.0 = Debug|Any CPU
		{AD2B88BE-EF3D-419D-BCB8-42A32E7A46CB}.Release|Any CPU.ActiveCfg = Release|Any CPU
		{AD2B88BE-EF3D-419D-BCB8-42A32E7A46CB}.Release|Any CPU.Build.0 = Release|Any CPU
		{8200B3E6-9CFC-4B1A-A1A2-8FCFA1BB49BC}.Debug|Any CPU.ActiveCfg = Debug|Any CPU
		{8200B3E6-9CFC-4B1A-A1A2-8FCFA1BB49BC}.Debug|Any CPU.Build.0 = Debug|Any CPU
		{8200B3E6-9CFC-4B1A-A1A2-8FCFA1BB49BC}.Release|Any CPU.ActiveCfg = Release|Any CPU
		{8200B3E6-9CFC-4B1A-A1A2-8FCFA1BB49BC}.Release|Any CPU.Build.0 = Release|Any CPU
		{DC9672B0-E065-467E-B5E3-CCE91BB63893}.Debug|Any CPU.ActiveCfg = Debug|Any CPU
		{DC9672B0-E065-467E-B5E3-CCE91BB63893}.Debug|Any CPU.Build.0 = Debug|Any CPU
		{DC9672B0-E065-467E-B5E3-CCE91BB63893}.Release|Any CPU.ActiveCfg = Release|Any CPU
		{DC9672B0-E065-467E-B5E3-CCE91BB63893}.Release|Any CPU.Build.0 = Release|Any CPU
		{9EE8D6F0-FEB9-48DA-A52E-33983B00DA84}.Debug|Any CPU.ActiveCfg = Debug|Any CPU
		{9EE8D6F0-FEB9-48DA-A52E-33983B00DA84}.Debug|Any CPU.Build.0 = Debug|Any CPU
		{9EE8D6F0-FEB9-48DA-A52E-33983B00DA84}.Release|Any CPU.ActiveCfg = Release|Any CPU
		{9EE8D6F0-FEB9-48DA-A52E-33983B00DA84}.Release|Any CPU.Build.0 = Release|Any CPU
		{7AD14EED-0B02-4D7C-9970-4AF0389DD224}.Debug|Any CPU.ActiveCfg = Debug|Any CPU
		{7AD14EED-0B02-4D7C-9970-4AF0389DD224}.Debug|Any CPU.Build.0 = Debug|Any CPU
		{7AD14EED-0B02-4D7C-9970-4AF0389DD224}.Release|Any CPU.ActiveCfg = Release|Any CPU
		{7AD14EED-0B02-4D7C-9970-4AF0389DD224}.Release|Any CPU.Build.0 = Release|Any CPU
		{3DD2781D-01BB-4B9A-87D5-3E3E99F0B088}.Debug|Any CPU.ActiveCfg = Debug|Any CPU
		{3DD2781D-01BB-4B9A-87D5-3E3E99F0B088}.Debug|Any CPU.Build.0 = Debug|Any CPU
		{3DD2781D-01BB-4B9A-87D5-3E3E99F0B088}.Release|Any CPU.ActiveCfg = Release|Any CPU
		{3DD2781D-01BB-4B9A-87D5-3E3E99F0B088}.Release|Any CPU.Build.0 = Release|Any CPU
		{30A09044-4938-4665-9E19-A539E149B0FC}.Debug|Any CPU.ActiveCfg = Debug|Any CPU
		{30A09044-4938-4665-9E19-A539E149B0FC}.Debug|Any CPU.Build.0 = Debug|Any CPU
		{30A09044-4938-4665-9E19-A539E149B0FC}.Release|Any CPU.ActiveCfg = Release|Any CPU
		{30A09044-4938-4665-9E19-A539E149B0FC}.Release|Any CPU.Build.0 = Release|Any CPU
		{AACA27A9-8D87-426C-826D-401B770FA5F3}.Debug|Any CPU.ActiveCfg = Debug|Any CPU
		{AACA27A9-8D87-426C-826D-401B770FA5F3}.Debug|Any CPU.Build.0 = Debug|Any CPU
		{AACA27A9-8D87-426C-826D-401B770FA5F3}.Release|Any CPU.ActiveCfg = Release|Any CPU
		{AACA27A9-8D87-426C-826D-401B770FA5F3}.Release|Any CPU.Build.0 = Release|Any CPU
		{ABD9552C-AFE0-4CBC-BCA7-B952E7F654F2}.Debug|Any CPU.ActiveCfg = Debug|Any CPU
		{ABD9552C-AFE0-4CBC-BCA7-B952E7F654F2}.Debug|Any CPU.Build.0 = Debug|Any CPU
		{ABD9552C-AFE0-4CBC-BCA7-B952E7F654F2}.Release|Any CPU.ActiveCfg = Release|Any CPU
		{ABD9552C-AFE0-4CBC-BCA7-B952E7F654F2}.Release|Any CPU.Build.0 = Release|Any CPU
	EndGlobalSection
	GlobalSection(SolutionProperties) = preSolution
		HideSolutionNode = FALSE
	EndGlobalSection
	GlobalSection(NestedProjects) = preSolution
		{1C7F6A22-5D5F-4AE6-9D88-E536D6742351} = {4235B879-0D3E-471F-AAC6-BDE4E665014B}
	EndGlobalSection
	GlobalSection(ExtensibilityGlobals) = postSolution
		SolutionGuid = {1D7D3E05-B061-4820-B8BB-E08D74EDDE2F}
	EndGlobalSection
EndGlobal
