
Microsoft Visual Studio Solution File, Format Version 12.00
# Visual Studio Version 16
VisualStudioVersion = 16.0.29920.165
MinimumVisualStudioVersion = 15.0.26124.0
Project("{2150E333-8FDC-42A3-9474-1A3956D46DE8}") = "AbstractFactory", "AbstractFactory", "{D2C9A11D-7B77-4323-835A-676993EFEE46}"
EndProject
Project("{2150E333-8FDC-42A3-9474-1A3956D46DE8}") = "App", "App", "{F5209048-389C-4AD6-A050-E034DC01C2B8}"
EndProject
Project("{2150E333-8FDC-42A3-9474-1A3956D46DE8}") = "Library", "Library", "{C7B2C13B-4F36-4B06-AD95-A53C8D043F29}"
EndProject
Project("{2150E333-8FDC-42A3-9474-1A3956D46DE8}") = "Tests", "Tests", "{C2F2A63B-9E45-4E83-83E7-5BEE81D1DA1F}"
EndProject
Project("{9A19103F-16F7-4668-BE54-9A1E7A4F7556}") = "abstractfactory", "AbstractFactory\App\abstractfactory.csproj", "{61F9C8C4-3834-4E32-A434-B82682796D96}"
EndProject
Project("{9A19103F-16F7-4668-BE54-9A1E7A4F7556}") = "AbstractFactoryLogic", "AbstractFactory\Library\AbstractFactoryLogic\AbstractFactoryLogic.csproj", "{901DC7EF-2FBC-4289-9E03-6B8971701962}"
EndProject
Project("{9A19103F-16F7-4668-BE54-9A1E7A4F7556}") = "AbstractFactoryTests", "AbstractFactory\Tests\AbstractFactoryTests\AbstractFactoryTests.csproj", "{9E9099F9-91F1-4B1A-BA64-5A66C754764A}"
EndProject
Project("{2150E333-8FDC-42A3-9474-1A3956D46DE8}") = "FactoryMethod", "FactoryMethod", "{878F3D40-81BC-4F57-A68F-155DE9F8A32E}"
EndProject
Project("{2150E333-8FDC-42A3-9474-1A3956D46DE8}") = "App", "App", "{3B925DAB-7808-4569-9F5D-4A4B707801B1}"
EndProject
Project("{2150E333-8FDC-42A3-9474-1A3956D46DE8}") = "Logic", "Logic", "{571B9B41-F55C-4210-B679-7A15FA93A4B7}"
EndProject
Project("{2150E333-8FDC-42A3-9474-1A3956D46DE8}") = "Tests", "Tests", "{E7287F3F-8E5A-43D4-B491-0A0DAFBD660B}"
EndProject
Project("{9A19103F-16F7-4668-BE54-9A1E7A4F7556}") = "factorymethod", "FactoryMethod\App\factorymethod.csproj", "{2A38B581-672B-44B9-8DD3-C65E4827750F}"
EndProject
Project("{9A19103F-16F7-4668-BE54-9A1E7A4F7556}") = "FactoryMethodLogic", "FactoryMethod\Library\FactoryMethodLogic\FactoryMethodLogic.csproj", "{240BEFC1-AF78-4F63-8F8B-FF2D7BE00A23}"
EndProject
Project("{9A19103F-16F7-4668-BE54-9A1E7A4F7556}") = "FactoryMethodTests", "FactoryMethod\Tests\FactoryMethodTests\FactoryMethodTests.csproj", "{8DF23708-C61E-4660-8799-EB83261B7F83}"
EndProject
Project("{2150E333-8FDC-42A3-9474-1A3956D46DE8}") = "Solution Items", "Solution Items", "{E27FA25D-00E1-4FB6-BB9E-2EFB21725752}"
	ProjectSection(SolutionItems) = preProject
		.editorconfig = .editorconfig
	EndProjectSection
EndProject
Project("{2150E333-8FDC-42A3-9474-1A3956D46DE8}") = "Proxy", "Proxy", "{0134C2E7-0255-488B-B42B-9B85FE5AC89B}"
EndProject
Project("{2150E333-8FDC-42A3-9474-1A3956D46DE8}") = "App", "App", "{D8121491-3B4E-4418-BAEB-133B92511156}"
EndProject
Project("{2150E333-8FDC-42A3-9474-1A3956D46DE8}") = "Library", "Library", "{BEE75ACC-C392-4D32-8AF9-FA9263A61448}"
EndProject
Project("{2150E333-8FDC-42A3-9474-1A3956D46DE8}") = "Tests", "Tests", "{4B1D4063-49EE-4412-BD8E-B92FE5F858D1}"
EndProject
Project("{9A19103F-16F7-4668-BE54-9A1E7A4F7556}") = "ProxyLogic", "Proxy\Library\ProxyLogic\ProxyLogic.csproj", "{C90CCD13-2822-4C7A-B23F-099BBDC7FE6C}"
EndProject
Project("{9A19103F-16F7-4668-BE54-9A1E7A4F7556}") = "proxy", "Proxy\App\proxy.csproj", "{A9C16A60-E5AF-4768-9339-E25F60115FBF}"
EndProject
Project("{9A19103F-16F7-4668-BE54-9A1E7A4F7556}") = "ProxyTests", "Proxy\Tests\ProxyTests\ProxyTests.csproj", "{17DEC63F-3E38-4259-8C90-25C643B5B4EC}"
EndProject
Project("{2150E333-8FDC-42A3-9474-1A3956D46DE8}") = "Adapter", "Adapter", "{5719BC1B-85D7-422B-B690-1B36454D5CFE}"
EndProject
Project("{2150E333-8FDC-42A3-9474-1A3956D46DE8}") = "Decorator", "Decorator", "{1730D037-91AE-4D65-B381-98550B18E05C}"
EndProject
Project("{2150E333-8FDC-42A3-9474-1A3956D46DE8}") = "App", "App", "{729DF9BE-4876-43CC-AFCC-9129C9E2E003}"
EndProject
Project("{2150E333-8FDC-42A3-9474-1A3956D46DE8}") = "App", "App", "{E5EA2810-4634-43CE-B14C-9F8E50D0ADA3}"
EndProject
Project("{2150E333-8FDC-42A3-9474-1A3956D46DE8}") = "Bridge", "Bridge", "{9DA245F6-6436-4B92-A4A1-177CDCA1496F}"
EndProject
Project("{2150E333-8FDC-42A3-9474-1A3956D46DE8}") = "App", "App", "{9941B0A2-6B2C-4FB6-943D-27BA05E57FF7}"
EndProject
Project("{2150E333-8FDC-42A3-9474-1A3956D46DE8}") = "Composite", "Composite", "{3050C398-7290-4AFC-9CFF-09F42F45C52C}"
EndProject
Project("{2150E333-8FDC-42A3-9474-1A3956D46DE8}") = "App", "App", "{E6DCD530-17C7-4C03-AF4F-31840ADEFF2A}"
EndProject
Project("{2150E333-8FDC-42A3-9474-1A3956D46DE8}") = "Singleton", "Singleton", "{6B9E58FC-93EE-4AA5-B240-09248325C741}"
EndProject
Project("{2150E333-8FDC-42A3-9474-1A3956D46DE8}") = "App", "App", "{13969C32-692A-4EBB-8962-5BBDB616A2BA}"
EndProject
Project("{2150E333-8FDC-42A3-9474-1A3956D46DE8}") = "Mediator", "Mediator", "{58AEF07E-202D-4901-813F-667311ED9DA4}"
EndProject
Project("{2150E333-8FDC-42A3-9474-1A3956D46DE8}") = "App", "App", "{1D682F5D-8A8A-43A7-B787-2565E7F49457}"
EndProject
Project("{2150E333-8FDC-42A3-9474-1A3956D46DE8}") = "Command", "Command", "{925849BF-6DE2-4338-B85B-A72B7B315302}"
EndProject
Project("{2150E333-8FDC-42A3-9474-1A3956D46DE8}") = "State", "State", "{079A9D84-0122-4109-B02B-FF429B52B1B0}"
EndProject
Project("{2150E333-8FDC-42A3-9474-1A3956D46DE8}") = "App", "App", "{D2EAADBC-5A4F-4F60-A5A9-E0F9C2E511F3}"
EndProject
Project("{9A19103F-16F7-4668-BE54-9A1E7A4F7556}") = "adapt", "Adapter\App\adapt.csproj", "{1A68E98B-A222-4760-A30E-C789A767BB52}"
EndProject
Project("{9A19103F-16F7-4668-BE54-9A1E7A4F7556}") = "bridge", "Bridge\App\bridge.csproj", "{C7AA759C-E4B8-431C-A47E-8C7E9706FBE4}"
EndProject
Project("{9A19103F-16F7-4668-BE54-9A1E7A4F7556}") = "compose", "Composite\App\compose.csproj", "{40A5D474-00ED-4781-A355-BAEE4937358D}"
EndProject
Project("{9A19103F-16F7-4668-BE54-9A1E7A4F7556}") = "decorate", "Decorator\App\decorate.csproj", "{E40668D8-374D-47BC-AA7E-12158855A60F}"
EndProject
Project("{9A19103F-16F7-4668-BE54-9A1E7A4F7556}") = "mediate", "Mediator\App\mediate.csproj", "{0B468C23-7006-4CFC-8ACA-2BBAE2D35344}"
EndProject
Project("{9A19103F-16F7-4668-BE54-9A1E7A4F7556}") = "single", "Singleton\App\single.csproj", "{55BADD28-0357-454E-AA85-259BE92649AC}"
EndProject
Project("{9A19103F-16F7-4668-BE54-9A1E7A4F7556}") = "alterstate", "State\App\alterstate.csproj", "{1B93C472-776E-438E-9B44-A7C5E17E76CD}"
EndProject
Project("{2150E333-8FDC-42A3-9474-1A3956D46DE8}") = "Builder", "Builder", "{AAB8479C-18DF-41BD-9944-FAF30CAEF8E7}"
EndProject
Project("{2150E333-8FDC-42A3-9474-1A3956D46DE8}") = "App", "App", "{D503DDA5-5A85-45FB-BA95-6B3821D0344D}"
EndProject
Project("{9A19103F-16F7-4668-BE54-9A1E7A4F7556}") = "build", "Builder\App\build\build.csproj", "{AEAE38A8-567B-42AB-99DF-663B32FB79AD}"
EndProject
Project("{2150E333-8FDC-42A3-9474-1A3956D46DE8}") = "Integration", "Integration", "{C161A9AA-0154-4FD9-918F-0FA9E64C32EE}"
EndProject
Project("{2150E333-8FDC-42A3-9474-1A3956D46DE8}") = "App", "App", "{87CBA2EE-3055-44F2-913F-E58656B0DA51}"
EndProject
Project("{9A19103F-16F7-4668-BE54-9A1E7A4F7556}") = "WinArchiveEditor", "Integration\App\WinArchiveEditor\WinArchiveEditor.csproj", "{CAF10C53-BF35-4C6C-8C12-AE98077FB11A}"
EndProject
Project("{2150E333-8FDC-42A3-9474-1A3956D46DE8}") = "Logic", "Logic", "{D7249D74-44BE-4302-950E-BA7584CAD47C}"
EndProject
Project("{9A19103F-16F7-4668-BE54-9A1E7A4F7556}") = "ArchiveLogic", "Integration\Logic\ArchiveLogic\ArchiveLogic.csproj", "{CC5E0B4F-FA7B-4F7F-8482-169145BBDCDC}"
EndProject
Project("{9A19103F-16F7-4668-BE54-9A1E7A4F7556}") = "ArchiveData", "Integration\Logic\ArchiveData\ArchiveData.csproj", "{A72BE1F4-0784-470E-9FEA-CDB665EB98FA}"
EndProject
Project("{9A19103F-16F7-4668-BE54-9A1E7A4F7556}") = "WpfArchiveEditor", "Integration\App\WpfArchiveEditor\WpfArchiveEditor.csproj", "{BDC0A597-C0F6-4B3E-91D2-1B3CD0E18A1E}"
EndProject
Project("{2150E333-8FDC-42A3-9474-1A3956D46DE8}") = "Basics", "Basics", "{AC0F3076-4C87-4563-93B3-94BBFD677F34}"
EndProject
Project("{2150E333-8FDC-42A3-9474-1A3956D46DE8}") = "App", "App", "{A297BB39-9C75-407B-9936-4EE6E4F059A1}"
EndProject
Project("{FAE04EC0-301F-11D3-BF4B-00C04F79EFBC}") = "Array", "Basics\App\Array\Array.csproj", "{2FB52F6F-E8CE-4442-921B-8FF0044947A8}"
EndProject
Global
	GlobalSection(SolutionConfigurationPlatforms) = preSolution
		Debug|Any CPU = Debug|Any CPU
		Debug|x64 = Debug|x64
		Debug|x86 = Debug|x86
		Release|Any CPU = Release|Any CPU
		Release|x64 = Release|x64
		Release|x86 = Release|x86
	EndGlobalSection
	GlobalSection(ProjectConfigurationPlatforms) = postSolution
		{61F9C8C4-3834-4E32-A434-B82682796D96}.Debug|Any CPU.ActiveCfg = Debug|Any CPU
		{61F9C8C4-3834-4E32-A434-B82682796D96}.Debug|Any CPU.Build.0 = Debug|Any CPU
		{61F9C8C4-3834-4E32-A434-B82682796D96}.Debug|x64.ActiveCfg = Debug|Any CPU
		{61F9C8C4-3834-4E32-A434-B82682796D96}.Debug|x64.Build.0 = Debug|Any CPU
		{61F9C8C4-3834-4E32-A434-B82682796D96}.Debug|x86.ActiveCfg = Debug|Any CPU
		{61F9C8C4-3834-4E32-A434-B82682796D96}.Debug|x86.Build.0 = Debug|Any CPU
		{61F9C8C4-3834-4E32-A434-B82682796D96}.Release|Any CPU.ActiveCfg = Release|Any CPU
		{61F9C8C4-3834-4E32-A434-B82682796D96}.Release|Any CPU.Build.0 = Release|Any CPU
		{61F9C8C4-3834-4E32-A434-B82682796D96}.Release|x64.ActiveCfg = Release|Any CPU
		{61F9C8C4-3834-4E32-A434-B82682796D96}.Release|x64.Build.0 = Release|Any CPU
		{61F9C8C4-3834-4E32-A434-B82682796D96}.Release|x86.ActiveCfg = Release|Any CPU
		{61F9C8C4-3834-4E32-A434-B82682796D96}.Release|x86.Build.0 = Release|Any CPU
		{901DC7EF-2FBC-4289-9E03-6B8971701962}.Debug|Any CPU.ActiveCfg = Debug|Any CPU
		{901DC7EF-2FBC-4289-9E03-6B8971701962}.Debug|Any CPU.Build.0 = Debug|Any CPU
		{901DC7EF-2FBC-4289-9E03-6B8971701962}.Debug|x64.ActiveCfg = Debug|Any CPU
		{901DC7EF-2FBC-4289-9E03-6B8971701962}.Debug|x64.Build.0 = Debug|Any CPU
		{901DC7EF-2FBC-4289-9E03-6B8971701962}.Debug|x86.ActiveCfg = Debug|Any CPU
		{901DC7EF-2FBC-4289-9E03-6B8971701962}.Debug|x86.Build.0 = Debug|Any CPU
		{901DC7EF-2FBC-4289-9E03-6B8971701962}.Release|Any CPU.ActiveCfg = Release|Any CPU
		{901DC7EF-2FBC-4289-9E03-6B8971701962}.Release|Any CPU.Build.0 = Release|Any CPU
		{901DC7EF-2FBC-4289-9E03-6B8971701962}.Release|x64.ActiveCfg = Release|Any CPU
		{901DC7EF-2FBC-4289-9E03-6B8971701962}.Release|x64.Build.0 = Release|Any CPU
		{901DC7EF-2FBC-4289-9E03-6B8971701962}.Release|x86.ActiveCfg = Release|Any CPU
		{901DC7EF-2FBC-4289-9E03-6B8971701962}.Release|x86.Build.0 = Release|Any CPU
		{9E9099F9-91F1-4B1A-BA64-5A66C754764A}.Debug|Any CPU.ActiveCfg = Debug|Any CPU
		{9E9099F9-91F1-4B1A-BA64-5A66C754764A}.Debug|Any CPU.Build.0 = Debug|Any CPU
		{9E9099F9-91F1-4B1A-BA64-5A66C754764A}.Debug|x64.ActiveCfg = Debug|Any CPU
		{9E9099F9-91F1-4B1A-BA64-5A66C754764A}.Debug|x64.Build.0 = Debug|Any CPU
		{9E9099F9-91F1-4B1A-BA64-5A66C754764A}.Debug|x86.ActiveCfg = Debug|Any CPU
		{9E9099F9-91F1-4B1A-BA64-5A66C754764A}.Debug|x86.Build.0 = Debug|Any CPU
		{9E9099F9-91F1-4B1A-BA64-5A66C754764A}.Release|Any CPU.ActiveCfg = Release|Any CPU
		{9E9099F9-91F1-4B1A-BA64-5A66C754764A}.Release|Any CPU.Build.0 = Release|Any CPU
		{9E9099F9-91F1-4B1A-BA64-5A66C754764A}.Release|x64.ActiveCfg = Release|Any CPU
		{9E9099F9-91F1-4B1A-BA64-5A66C754764A}.Release|x64.Build.0 = Release|Any CPU
		{9E9099F9-91F1-4B1A-BA64-5A66C754764A}.Release|x86.ActiveCfg = Release|Any CPU
		{9E9099F9-91F1-4B1A-BA64-5A66C754764A}.Release|x86.Build.0 = Release|Any CPU
		{2A38B581-672B-44B9-8DD3-C65E4827750F}.Debug|Any CPU.ActiveCfg = Debug|Any CPU
		{2A38B581-672B-44B9-8DD3-C65E4827750F}.Debug|Any CPU.Build.0 = Debug|Any CPU
		{2A38B581-672B-44B9-8DD3-C65E4827750F}.Debug|x64.ActiveCfg = Debug|Any CPU
		{2A38B581-672B-44B9-8DD3-C65E4827750F}.Debug|x64.Build.0 = Debug|Any CPU
		{2A38B581-672B-44B9-8DD3-C65E4827750F}.Debug|x86.ActiveCfg = Debug|Any CPU
		{2A38B581-672B-44B9-8DD3-C65E4827750F}.Debug|x86.Build.0 = Debug|Any CPU
		{2A38B581-672B-44B9-8DD3-C65E4827750F}.Release|Any CPU.ActiveCfg = Release|Any CPU
		{2A38B581-672B-44B9-8DD3-C65E4827750F}.Release|Any CPU.Build.0 = Release|Any CPU
		{2A38B581-672B-44B9-8DD3-C65E4827750F}.Release|x64.ActiveCfg = Release|Any CPU
		{2A38B581-672B-44B9-8DD3-C65E4827750F}.Release|x64.Build.0 = Release|Any CPU
		{2A38B581-672B-44B9-8DD3-C65E4827750F}.Release|x86.ActiveCfg = Release|Any CPU
		{2A38B581-672B-44B9-8DD3-C65E4827750F}.Release|x86.Build.0 = Release|Any CPU
		{240BEFC1-AF78-4F63-8F8B-FF2D7BE00A23}.Debug|Any CPU.ActiveCfg = Debug|Any CPU
		{240BEFC1-AF78-4F63-8F8B-FF2D7BE00A23}.Debug|Any CPU.Build.0 = Debug|Any CPU
		{240BEFC1-AF78-4F63-8F8B-FF2D7BE00A23}.Debug|x64.ActiveCfg = Debug|Any CPU
		{240BEFC1-AF78-4F63-8F8B-FF2D7BE00A23}.Debug|x64.Build.0 = Debug|Any CPU
		{240BEFC1-AF78-4F63-8F8B-FF2D7BE00A23}.Debug|x86.ActiveCfg = Debug|Any CPU
		{240BEFC1-AF78-4F63-8F8B-FF2D7BE00A23}.Debug|x86.Build.0 = Debug|Any CPU
		{240BEFC1-AF78-4F63-8F8B-FF2D7BE00A23}.Release|Any CPU.ActiveCfg = Release|Any CPU
		{240BEFC1-AF78-4F63-8F8B-FF2D7BE00A23}.Release|Any CPU.Build.0 = Release|Any CPU
		{240BEFC1-AF78-4F63-8F8B-FF2D7BE00A23}.Release|x64.ActiveCfg = Release|Any CPU
		{240BEFC1-AF78-4F63-8F8B-FF2D7BE00A23}.Release|x64.Build.0 = Release|Any CPU
		{240BEFC1-AF78-4F63-8F8B-FF2D7BE00A23}.Release|x86.ActiveCfg = Release|Any CPU
		{240BEFC1-AF78-4F63-8F8B-FF2D7BE00A23}.Release|x86.Build.0 = Release|Any CPU
		{8DF23708-C61E-4660-8799-EB83261B7F83}.Debug|Any CPU.ActiveCfg = Debug|Any CPU
		{8DF23708-C61E-4660-8799-EB83261B7F83}.Debug|Any CPU.Build.0 = Debug|Any CPU
		{8DF23708-C61E-4660-8799-EB83261B7F83}.Debug|x64.ActiveCfg = Debug|Any CPU
		{8DF23708-C61E-4660-8799-EB83261B7F83}.Debug|x64.Build.0 = Debug|Any CPU
		{8DF23708-C61E-4660-8799-EB83261B7F83}.Debug|x86.ActiveCfg = Debug|Any CPU
		{8DF23708-C61E-4660-8799-EB83261B7F83}.Debug|x86.Build.0 = Debug|Any CPU
		{8DF23708-C61E-4660-8799-EB83261B7F83}.Release|Any CPU.ActiveCfg = Release|Any CPU
		{8DF23708-C61E-4660-8799-EB83261B7F83}.Release|Any CPU.Build.0 = Release|Any CPU
		{8DF23708-C61E-4660-8799-EB83261B7F83}.Release|x64.ActiveCfg = Release|Any CPU
		{8DF23708-C61E-4660-8799-EB83261B7F83}.Release|x64.Build.0 = Release|Any CPU
		{8DF23708-C61E-4660-8799-EB83261B7F83}.Release|x86.ActiveCfg = Release|Any CPU
		{8DF23708-C61E-4660-8799-EB83261B7F83}.Release|x86.Build.0 = Release|Any CPU
		{C90CCD13-2822-4C7A-B23F-099BBDC7FE6C}.Debug|Any CPU.ActiveCfg = Debug|Any CPU
		{C90CCD13-2822-4C7A-B23F-099BBDC7FE6C}.Debug|Any CPU.Build.0 = Debug|Any CPU
		{C90CCD13-2822-4C7A-B23F-099BBDC7FE6C}.Debug|x64.ActiveCfg = Debug|Any CPU
		{C90CCD13-2822-4C7A-B23F-099BBDC7FE6C}.Debug|x64.Build.0 = Debug|Any CPU
		{C90CCD13-2822-4C7A-B23F-099BBDC7FE6C}.Debug|x86.ActiveCfg = Debug|Any CPU
		{C90CCD13-2822-4C7A-B23F-099BBDC7FE6C}.Debug|x86.Build.0 = Debug|Any CPU
		{C90CCD13-2822-4C7A-B23F-099BBDC7FE6C}.Release|Any CPU.ActiveCfg = Release|Any CPU
		{C90CCD13-2822-4C7A-B23F-099BBDC7FE6C}.Release|Any CPU.Build.0 = Release|Any CPU
		{C90CCD13-2822-4C7A-B23F-099BBDC7FE6C}.Release|x64.ActiveCfg = Release|Any CPU
		{C90CCD13-2822-4C7A-B23F-099BBDC7FE6C}.Release|x64.Build.0 = Release|Any CPU
		{C90CCD13-2822-4C7A-B23F-099BBDC7FE6C}.Release|x86.ActiveCfg = Release|Any CPU
		{C90CCD13-2822-4C7A-B23F-099BBDC7FE6C}.Release|x86.Build.0 = Release|Any CPU
		{A9C16A60-E5AF-4768-9339-E25F60115FBF}.Debug|Any CPU.ActiveCfg = Debug|Any CPU
		{A9C16A60-E5AF-4768-9339-E25F60115FBF}.Debug|Any CPU.Build.0 = Debug|Any CPU
		{A9C16A60-E5AF-4768-9339-E25F60115FBF}.Debug|x64.ActiveCfg = Debug|Any CPU
		{A9C16A60-E5AF-4768-9339-E25F60115FBF}.Debug|x64.Build.0 = Debug|Any CPU
		{A9C16A60-E5AF-4768-9339-E25F60115FBF}.Debug|x86.ActiveCfg = Debug|Any CPU
		{A9C16A60-E5AF-4768-9339-E25F60115FBF}.Debug|x86.Build.0 = Debug|Any CPU
		{A9C16A60-E5AF-4768-9339-E25F60115FBF}.Release|Any CPU.ActiveCfg = Release|Any CPU
		{A9C16A60-E5AF-4768-9339-E25F60115FBF}.Release|Any CPU.Build.0 = Release|Any CPU
		{A9C16A60-E5AF-4768-9339-E25F60115FBF}.Release|x64.ActiveCfg = Release|Any CPU
		{A9C16A60-E5AF-4768-9339-E25F60115FBF}.Release|x64.Build.0 = Release|Any CPU
		{A9C16A60-E5AF-4768-9339-E25F60115FBF}.Release|x86.ActiveCfg = Release|Any CPU
		{A9C16A60-E5AF-4768-9339-E25F60115FBF}.Release|x86.Build.0 = Release|Any CPU
		{17DEC63F-3E38-4259-8C90-25C643B5B4EC}.Debug|Any CPU.ActiveCfg = Debug|Any CPU
		{17DEC63F-3E38-4259-8C90-25C643B5B4EC}.Debug|Any CPU.Build.0 = Debug|Any CPU
		{17DEC63F-3E38-4259-8C90-25C643B5B4EC}.Debug|x64.ActiveCfg = Debug|Any CPU
		{17DEC63F-3E38-4259-8C90-25C643B5B4EC}.Debug|x64.Build.0 = Debug|Any CPU
		{17DEC63F-3E38-4259-8C90-25C643B5B4EC}.Debug|x86.ActiveCfg = Debug|Any CPU
		{17DEC63F-3E38-4259-8C90-25C643B5B4EC}.Debug|x86.Build.0 = Debug|Any CPU
		{17DEC63F-3E38-4259-8C90-25C643B5B4EC}.Release|Any CPU.ActiveCfg = Release|Any CPU
		{17DEC63F-3E38-4259-8C90-25C643B5B4EC}.Release|Any CPU.Build.0 = Release|Any CPU
		{17DEC63F-3E38-4259-8C90-25C643B5B4EC}.Release|x64.ActiveCfg = Release|Any CPU
		{17DEC63F-3E38-4259-8C90-25C643B5B4EC}.Release|x64.Build.0 = Release|Any CPU
		{17DEC63F-3E38-4259-8C90-25C643B5B4EC}.Release|x86.ActiveCfg = Release|Any CPU
		{17DEC63F-3E38-4259-8C90-25C643B5B4EC}.Release|x86.Build.0 = Release|Any CPU
		{1A68E98B-A222-4760-A30E-C789A767BB52}.Debug|Any CPU.ActiveCfg = Debug|Any CPU
		{1A68E98B-A222-4760-A30E-C789A767BB52}.Debug|Any CPU.Build.0 = Debug|Any CPU
		{1A68E98B-A222-4760-A30E-C789A767BB52}.Debug|x64.ActiveCfg = Debug|Any CPU
		{1A68E98B-A222-4760-A30E-C789A767BB52}.Debug|x64.Build.0 = Debug|Any CPU
		{1A68E98B-A222-4760-A30E-C789A767BB52}.Debug|x86.ActiveCfg = Debug|Any CPU
		{1A68E98B-A222-4760-A30E-C789A767BB52}.Debug|x86.Build.0 = Debug|Any CPU
		{1A68E98B-A222-4760-A30E-C789A767BB52}.Release|Any CPU.ActiveCfg = Release|Any CPU
		{1A68E98B-A222-4760-A30E-C789A767BB52}.Release|Any CPU.Build.0 = Release|Any CPU
		{1A68E98B-A222-4760-A30E-C789A767BB52}.Release|x64.ActiveCfg = Release|Any CPU
		{1A68E98B-A222-4760-A30E-C789A767BB52}.Release|x64.Build.0 = Release|Any CPU
		{1A68E98B-A222-4760-A30E-C789A767BB52}.Release|x86.ActiveCfg = Release|Any CPU
		{1A68E98B-A222-4760-A30E-C789A767BB52}.Release|x86.Build.0 = Release|Any CPU
		{C7AA759C-E4B8-431C-A47E-8C7E9706FBE4}.Debug|Any CPU.ActiveCfg = Debug|Any CPU
		{C7AA759C-E4B8-431C-A47E-8C7E9706FBE4}.Debug|Any CPU.Build.0 = Debug|Any CPU
		{C7AA759C-E4B8-431C-A47E-8C7E9706FBE4}.Debug|x64.ActiveCfg = Debug|Any CPU
		{C7AA759C-E4B8-431C-A47E-8C7E9706FBE4}.Debug|x64.Build.0 = Debug|Any CPU
		{C7AA759C-E4B8-431C-A47E-8C7E9706FBE4}.Debug|x86.ActiveCfg = Debug|Any CPU
		{C7AA759C-E4B8-431C-A47E-8C7E9706FBE4}.Debug|x86.Build.0 = Debug|Any CPU
		{C7AA759C-E4B8-431C-A47E-8C7E9706FBE4}.Release|Any CPU.ActiveCfg = Release|Any CPU
		{C7AA759C-E4B8-431C-A47E-8C7E9706FBE4}.Release|Any CPU.Build.0 = Release|Any CPU
		{C7AA759C-E4B8-431C-A47E-8C7E9706FBE4}.Release|x64.ActiveCfg = Release|Any CPU
		{C7AA759C-E4B8-431C-A47E-8C7E9706FBE4}.Release|x64.Build.0 = Release|Any CPU
		{C7AA759C-E4B8-431C-A47E-8C7E9706FBE4}.Release|x86.ActiveCfg = Release|Any CPU
		{C7AA759C-E4B8-431C-A47E-8C7E9706FBE4}.Release|x86.Build.0 = Release|Any CPU
		{40A5D474-00ED-4781-A355-BAEE4937358D}.Debug|Any CPU.ActiveCfg = Debug|Any CPU
		{40A5D474-00ED-4781-A355-BAEE4937358D}.Debug|Any CPU.Build.0 = Debug|Any CPU
		{40A5D474-00ED-4781-A355-BAEE4937358D}.Debug|x64.ActiveCfg = Debug|Any CPU
		{40A5D474-00ED-4781-A355-BAEE4937358D}.Debug|x64.Build.0 = Debug|Any CPU
		{40A5D474-00ED-4781-A355-BAEE4937358D}.Debug|x86.ActiveCfg = Debug|Any CPU
		{40A5D474-00ED-4781-A355-BAEE4937358D}.Debug|x86.Build.0 = Debug|Any CPU
		{40A5D474-00ED-4781-A355-BAEE4937358D}.Release|Any CPU.ActiveCfg = Release|Any CPU
		{40A5D474-00ED-4781-A355-BAEE4937358D}.Release|Any CPU.Build.0 = Release|Any CPU
		{40A5D474-00ED-4781-A355-BAEE4937358D}.Release|x64.ActiveCfg = Release|Any CPU
		{40A5D474-00ED-4781-A355-BAEE4937358D}.Release|x64.Build.0 = Release|Any CPU
		{40A5D474-00ED-4781-A355-BAEE4937358D}.Release|x86.ActiveCfg = Release|Any CPU
		{40A5D474-00ED-4781-A355-BAEE4937358D}.Release|x86.Build.0 = Release|Any CPU
		{E40668D8-374D-47BC-AA7E-12158855A60F}.Debug|Any CPU.ActiveCfg = Debug|Any CPU
		{E40668D8-374D-47BC-AA7E-12158855A60F}.Debug|Any CPU.Build.0 = Debug|Any CPU
		{E40668D8-374D-47BC-AA7E-12158855A60F}.Debug|x64.ActiveCfg = Debug|Any CPU
		{E40668D8-374D-47BC-AA7E-12158855A60F}.Debug|x64.Build.0 = Debug|Any CPU
		{E40668D8-374D-47BC-AA7E-12158855A60F}.Debug|x86.ActiveCfg = Debug|Any CPU
		{E40668D8-374D-47BC-AA7E-12158855A60F}.Debug|x86.Build.0 = Debug|Any CPU
		{E40668D8-374D-47BC-AA7E-12158855A60F}.Release|Any CPU.ActiveCfg = Release|Any CPU
		{E40668D8-374D-47BC-AA7E-12158855A60F}.Release|Any CPU.Build.0 = Release|Any CPU
		{E40668D8-374D-47BC-AA7E-12158855A60F}.Release|x64.ActiveCfg = Release|Any CPU
		{E40668D8-374D-47BC-AA7E-12158855A60F}.Release|x64.Build.0 = Release|Any CPU
		{E40668D8-374D-47BC-AA7E-12158855A60F}.Release|x86.ActiveCfg = Release|Any CPU
		{E40668D8-374D-47BC-AA7E-12158855A60F}.Release|x86.Build.0 = Release|Any CPU
		{0B468C23-7006-4CFC-8ACA-2BBAE2D35344}.Debug|Any CPU.ActiveCfg = Debug|Any CPU
		{0B468C23-7006-4CFC-8ACA-2BBAE2D35344}.Debug|Any CPU.Build.0 = Debug|Any CPU
		{0B468C23-7006-4CFC-8ACA-2BBAE2D35344}.Debug|x64.ActiveCfg = Debug|Any CPU
		{0B468C23-7006-4CFC-8ACA-2BBAE2D35344}.Debug|x64.Build.0 = Debug|Any CPU
		{0B468C23-7006-4CFC-8ACA-2BBAE2D35344}.Debug|x86.ActiveCfg = Debug|Any CPU
		{0B468C23-7006-4CFC-8ACA-2BBAE2D35344}.Debug|x86.Build.0 = Debug|Any CPU
		{0B468C23-7006-4CFC-8ACA-2BBAE2D35344}.Release|Any CPU.ActiveCfg = Release|Any CPU
		{0B468C23-7006-4CFC-8ACA-2BBAE2D35344}.Release|Any CPU.Build.0 = Release|Any CPU
		{0B468C23-7006-4CFC-8ACA-2BBAE2D35344}.Release|x64.ActiveCfg = Release|Any CPU
		{0B468C23-7006-4CFC-8ACA-2BBAE2D35344}.Release|x64.Build.0 = Release|Any CPU
		{0B468C23-7006-4CFC-8ACA-2BBAE2D35344}.Release|x86.ActiveCfg = Release|Any CPU
		{0B468C23-7006-4CFC-8ACA-2BBAE2D35344}.Release|x86.Build.0 = Release|Any CPU
		{55BADD28-0357-454E-AA85-259BE92649AC}.Debug|Any CPU.ActiveCfg = Debug|Any CPU
		{55BADD28-0357-454E-AA85-259BE92649AC}.Debug|Any CPU.Build.0 = Debug|Any CPU
		{55BADD28-0357-454E-AA85-259BE92649AC}.Debug|x64.ActiveCfg = Debug|Any CPU
		{55BADD28-0357-454E-AA85-259BE92649AC}.Debug|x64.Build.0 = Debug|Any CPU
		{55BADD28-0357-454E-AA85-259BE92649AC}.Debug|x86.ActiveCfg = Debug|Any CPU
		{55BADD28-0357-454E-AA85-259BE92649AC}.Debug|x86.Build.0 = Debug|Any CPU
		{55BADD28-0357-454E-AA85-259BE92649AC}.Release|Any CPU.ActiveCfg = Release|Any CPU
		{55BADD28-0357-454E-AA85-259BE92649AC}.Release|Any CPU.Build.0 = Release|Any CPU
		{55BADD28-0357-454E-AA85-259BE92649AC}.Release|x64.ActiveCfg = Release|Any CPU
		{55BADD28-0357-454E-AA85-259BE92649AC}.Release|x64.Build.0 = Release|Any CPU
		{55BADD28-0357-454E-AA85-259BE92649AC}.Release|x86.ActiveCfg = Release|Any CPU
		{55BADD28-0357-454E-AA85-259BE92649AC}.Release|x86.Build.0 = Release|Any CPU
		{1B93C472-776E-438E-9B44-A7C5E17E76CD}.Debug|Any CPU.ActiveCfg = Debug|Any CPU
		{1B93C472-776E-438E-9B44-A7C5E17E76CD}.Debug|Any CPU.Build.0 = Debug|Any CPU
		{1B93C472-776E-438E-9B44-A7C5E17E76CD}.Debug|x64.ActiveCfg = Debug|Any CPU
		{1B93C472-776E-438E-9B44-A7C5E17E76CD}.Debug|x64.Build.0 = Debug|Any CPU
		{1B93C472-776E-438E-9B44-A7C5E17E76CD}.Debug|x86.ActiveCfg = Debug|Any CPU
		{1B93C472-776E-438E-9B44-A7C5E17E76CD}.Debug|x86.Build.0 = Debug|Any CPU
		{1B93C472-776E-438E-9B44-A7C5E17E76CD}.Release|Any CPU.ActiveCfg = Release|Any CPU
		{1B93C472-776E-438E-9B44-A7C5E17E76CD}.Release|Any CPU.Build.0 = Release|Any CPU
		{1B93C472-776E-438E-9B44-A7C5E17E76CD}.Release|x64.ActiveCfg = Release|Any CPU
		{1B93C472-776E-438E-9B44-A7C5E17E76CD}.Release|x64.Build.0 = Release|Any CPU
		{1B93C472-776E-438E-9B44-A7C5E17E76CD}.Release|x86.ActiveCfg = Release|Any CPU
		{1B93C472-776E-438E-9B44-A7C5E17E76CD}.Release|x86.Build.0 = Release|Any CPU
		{AEAE38A8-567B-42AB-99DF-663B32FB79AD}.Debug|Any CPU.ActiveCfg = Debug|Any CPU
		{AEAE38A8-567B-42AB-99DF-663B32FB79AD}.Debug|Any CPU.Build.0 = Debug|Any CPU
		{AEAE38A8-567B-42AB-99DF-663B32FB79AD}.Debug|x64.ActiveCfg = Debug|Any CPU
		{AEAE38A8-567B-42AB-99DF-663B32FB79AD}.Debug|x64.Build.0 = Debug|Any CPU
		{AEAE38A8-567B-42AB-99DF-663B32FB79AD}.Debug|x86.ActiveCfg = Debug|Any CPU
		{AEAE38A8-567B-42AB-99DF-663B32FB79AD}.Debug|x86.Build.0 = Debug|Any CPU
		{AEAE38A8-567B-42AB-99DF-663B32FB79AD}.Release|Any CPU.ActiveCfg = Release|Any CPU
		{AEAE38A8-567B-42AB-99DF-663B32FB79AD}.Release|Any CPU.Build.0 = Release|Any CPU
		{AEAE38A8-567B-42AB-99DF-663B32FB79AD}.Release|x64.ActiveCfg = Release|Any CPU
		{AEAE38A8-567B-42AB-99DF-663B32FB79AD}.Release|x64.Build.0 = Release|Any CPU
		{AEAE38A8-567B-42AB-99DF-663B32FB79AD}.Release|x86.ActiveCfg = Release|Any CPU
		{AEAE38A8-567B-42AB-99DF-663B32FB79AD}.Release|x86.Build.0 = Release|Any CPU
		{CAF10C53-BF35-4C6C-8C12-AE98077FB11A}.Debug|Any CPU.ActiveCfg = Debug|Any CPU
		{CAF10C53-BF35-4C6C-8C12-AE98077FB11A}.Debug|Any CPU.Build.0 = Debug|Any CPU
		{CAF10C53-BF35-4C6C-8C12-AE98077FB11A}.Debug|x64.ActiveCfg = Debug|Any CPU
		{CAF10C53-BF35-4C6C-8C12-AE98077FB11A}.Debug|x64.Build.0 = Debug|Any CPU
		{CAF10C53-BF35-4C6C-8C12-AE98077FB11A}.Debug|x86.ActiveCfg = Debug|Any CPU
		{CAF10C53-BF35-4C6C-8C12-AE98077FB11A}.Debug|x86.Build.0 = Debug|Any CPU
		{CAF10C53-BF35-4C6C-8C12-AE98077FB11A}.Release|Any CPU.ActiveCfg = Release|Any CPU
		{CAF10C53-BF35-4C6C-8C12-AE98077FB11A}.Release|Any CPU.Build.0 = Release|Any CPU
		{CAF10C53-BF35-4C6C-8C12-AE98077FB11A}.Release|x64.ActiveCfg = Release|Any CPU
		{CAF10C53-BF35-4C6C-8C12-AE98077FB11A}.Release|x64.Build.0 = Release|Any CPU
		{CAF10C53-BF35-4C6C-8C12-AE98077FB11A}.Release|x86.ActiveCfg = Release|Any CPU
		{CAF10C53-BF35-4C6C-8C12-AE98077FB11A}.Release|x86.Build.0 = Release|Any CPU
		{CC5E0B4F-FA7B-4F7F-8482-169145BBDCDC}.Debug|Any CPU.ActiveCfg = Debug|Any CPU
		{CC5E0B4F-FA7B-4F7F-8482-169145BBDCDC}.Debug|Any CPU.Build.0 = Debug|Any CPU
		{CC5E0B4F-FA7B-4F7F-8482-169145BBDCDC}.Debug|x64.ActiveCfg = Debug|Any CPU
		{CC5E0B4F-FA7B-4F7F-8482-169145BBDCDC}.Debug|x64.Build.0 = Debug|Any CPU
		{CC5E0B4F-FA7B-4F7F-8482-169145BBDCDC}.Debug|x86.ActiveCfg = Debug|Any CPU
		{CC5E0B4F-FA7B-4F7F-8482-169145BBDCDC}.Debug|x86.Build.0 = Debug|Any CPU
		{CC5E0B4F-FA7B-4F7F-8482-169145BBDCDC}.Release|Any CPU.ActiveCfg = Release|Any CPU
		{CC5E0B4F-FA7B-4F7F-8482-169145BBDCDC}.Release|Any CPU.Build.0 = Release|Any CPU
		{CC5E0B4F-FA7B-4F7F-8482-169145BBDCDC}.Release|x64.ActiveCfg = Release|Any CPU
		{CC5E0B4F-FA7B-4F7F-8482-169145BBDCDC}.Release|x64.Build.0 = Release|Any CPU
		{CC5E0B4F-FA7B-4F7F-8482-169145BBDCDC}.Release|x86.ActiveCfg = Release|Any CPU
		{CC5E0B4F-FA7B-4F7F-8482-169145BBDCDC}.Release|x86.Build.0 = Release|Any CPU
		{A72BE1F4-0784-470E-9FEA-CDB665EB98FA}.Debug|Any CPU.ActiveCfg = Debug|Any CPU
		{A72BE1F4-0784-470E-9FEA-CDB665EB98FA}.Debug|Any CPU.Build.0 = Debug|Any CPU
		{A72BE1F4-0784-470E-9FEA-CDB665EB98FA}.Debug|x64.ActiveCfg = Debug|Any CPU
		{A72BE1F4-0784-470E-9FEA-CDB665EB98FA}.Debug|x64.Build.0 = Debug|Any CPU
		{A72BE1F4-0784-470E-9FEA-CDB665EB98FA}.Debug|x86.ActiveCfg = Debug|Any CPU
		{A72BE1F4-0784-470E-9FEA-CDB665EB98FA}.Debug|x86.Build.0 = Debug|Any CPU
		{A72BE1F4-0784-470E-9FEA-CDB665EB98FA}.Release|Any CPU.ActiveCfg = Release|Any CPU
		{A72BE1F4-0784-470E-9FEA-CDB665EB98FA}.Release|Any CPU.Build.0 = Release|Any CPU
		{A72BE1F4-0784-470E-9FEA-CDB665EB98FA}.Release|x64.ActiveCfg = Release|Any CPU
		{A72BE1F4-0784-470E-9FEA-CDB665EB98FA}.Release|x64.Build.0 = Release|Any CPU
		{A72BE1F4-0784-470E-9FEA-CDB665EB98FA}.Release|x86.ActiveCfg = Release|Any CPU
		{A72BE1F4-0784-470E-9FEA-CDB665EB98FA}.Release|x86.Build.0 = Release|Any CPU
		{BDC0A597-C0F6-4B3E-91D2-1B3CD0E18A1E}.Debug|Any CPU.ActiveCfg = Debug|Any CPU
		{BDC0A597-C0F6-4B3E-91D2-1B3CD0E18A1E}.Debug|Any CPU.Build.0 = Debug|Any CPU
		{BDC0A597-C0F6-4B3E-91D2-1B3CD0E18A1E}.Debug|x64.ActiveCfg = Debug|Any CPU
		{BDC0A597-C0F6-4B3E-91D2-1B3CD0E18A1E}.Debug|x64.Build.0 = Debug|Any CPU
		{BDC0A597-C0F6-4B3E-91D2-1B3CD0E18A1E}.Debug|x86.ActiveCfg = Debug|Any CPU
		{BDC0A597-C0F6-4B3E-91D2-1B3CD0E18A1E}.Debug|x86.Build.0 = Debug|Any CPU
		{BDC0A597-C0F6-4B3E-91D2-1B3CD0E18A1E}.Release|Any CPU.ActiveCfg = Release|Any CPU
		{BDC0A597-C0F6-4B3E-91D2-1B3CD0E18A1E}.Release|Any CPU.Build.0 = Release|Any CPU
		{BDC0A597-C0F6-4B3E-91D2-1B3CD0E18A1E}.Release|x64.ActiveCfg = Release|Any CPU
		{BDC0A597-C0F6-4B3E-91D2-1B3CD0E18A1E}.Release|x64.Build.0 = Release|Any CPU
		{BDC0A597-C0F6-4B3E-91D2-1B3CD0E18A1E}.Release|x86.ActiveCfg = Release|Any CPU
		{BDC0A597-C0F6-4B3E-91D2-1B3CD0E18A1E}.Release|x86.Build.0 = Release|Any CPU
		{2FB52F6F-E8CE-4442-921B-8FF0044947A8}.Debug|Any CPU.ActiveCfg = Debug|Any CPU
		{2FB52F6F-E8CE-4442-921B-8FF0044947A8}.Debug|Any CPU.Build.0 = Debug|Any CPU
		{2FB52F6F-E8CE-4442-921B-8FF0044947A8}.Debug|x64.ActiveCfg = Debug|Any CPU
		{2FB52F6F-E8CE-4442-921B-8FF0044947A8}.Debug|x64.Build.0 = Debug|Any CPU
		{2FB52F6F-E8CE-4442-921B-8FF0044947A8}.Debug|x86.ActiveCfg = Debug|Any CPU
		{2FB52F6F-E8CE-4442-921B-8FF0044947A8}.Debug|x86.Build.0 = Debug|Any CPU
		{2FB52F6F-E8CE-4442-921B-8FF0044947A8}.Release|Any CPU.ActiveCfg = Release|Any CPU
		{2FB52F6F-E8CE-4442-921B-8FF0044947A8}.Release|Any CPU.Build.0 = Release|Any CPU
		{2FB52F6F-E8CE-4442-921B-8FF0044947A8}.Release|x64.ActiveCfg = Release|Any CPU
		{2FB52F6F-E8CE-4442-921B-8FF0044947A8}.Release|x64.Build.0 = Release|Any CPU
		{2FB52F6F-E8CE-4442-921B-8FF0044947A8}.Release|x86.ActiveCfg = Release|Any CPU
		{2FB52F6F-E8CE-4442-921B-8FF0044947A8}.Release|x86.Build.0 = Release|Any CPU
	EndGlobalSection
	GlobalSection(SolutionProperties) = preSolution
		HideSolutionNode = FALSE
	EndGlobalSection
	GlobalSection(NestedProjects) = preSolution
		{F5209048-389C-4AD6-A050-E034DC01C2B8} = {D2C9A11D-7B77-4323-835A-676993EFEE46}
		{C7B2C13B-4F36-4B06-AD95-A53C8D043F29} = {D2C9A11D-7B77-4323-835A-676993EFEE46}
		{C2F2A63B-9E45-4E83-83E7-5BEE81D1DA1F} = {D2C9A11D-7B77-4323-835A-676993EFEE46}
		{61F9C8C4-3834-4E32-A434-B82682796D96} = {F5209048-389C-4AD6-A050-E034DC01C2B8}
		{901DC7EF-2FBC-4289-9E03-6B8971701962} = {C7B2C13B-4F36-4B06-AD95-A53C8D043F29}
		{9E9099F9-91F1-4B1A-BA64-5A66C754764A} = {C2F2A63B-9E45-4E83-83E7-5BEE81D1DA1F}
		{3B925DAB-7808-4569-9F5D-4A4B707801B1} = {878F3D40-81BC-4F57-A68F-155DE9F8A32E}
		{571B9B41-F55C-4210-B679-7A15FA93A4B7} = {878F3D40-81BC-4F57-A68F-155DE9F8A32E}
		{E7287F3F-8E5A-43D4-B491-0A0DAFBD660B} = {878F3D40-81BC-4F57-A68F-155DE9F8A32E}
		{2A38B581-672B-44B9-8DD3-C65E4827750F} = {3B925DAB-7808-4569-9F5D-4A4B707801B1}
		{240BEFC1-AF78-4F63-8F8B-FF2D7BE00A23} = {571B9B41-F55C-4210-B679-7A15FA93A4B7}
		{8DF23708-C61E-4660-8799-EB83261B7F83} = {E7287F3F-8E5A-43D4-B491-0A0DAFBD660B}
		{D8121491-3B4E-4418-BAEB-133B92511156} = {0134C2E7-0255-488B-B42B-9B85FE5AC89B}
		{BEE75ACC-C392-4D32-8AF9-FA9263A61448} = {0134C2E7-0255-488B-B42B-9B85FE5AC89B}
		{4B1D4063-49EE-4412-BD8E-B92FE5F858D1} = {0134C2E7-0255-488B-B42B-9B85FE5AC89B}
		{C90CCD13-2822-4C7A-B23F-099BBDC7FE6C} = {BEE75ACC-C392-4D32-8AF9-FA9263A61448}
		{A9C16A60-E5AF-4768-9339-E25F60115FBF} = {D8121491-3B4E-4418-BAEB-133B92511156}
		{17DEC63F-3E38-4259-8C90-25C643B5B4EC} = {4B1D4063-49EE-4412-BD8E-B92FE5F858D1}
		{729DF9BE-4876-43CC-AFCC-9129C9E2E003} = {1730D037-91AE-4D65-B381-98550B18E05C}
		{E5EA2810-4634-43CE-B14C-9F8E50D0ADA3} = {5719BC1B-85D7-422B-B690-1B36454D5CFE}
		{9941B0A2-6B2C-4FB6-943D-27BA05E57FF7} = {9DA245F6-6436-4B92-A4A1-177CDCA1496F}
		{E6DCD530-17C7-4C03-AF4F-31840ADEFF2A} = {3050C398-7290-4AFC-9CFF-09F42F45C52C}
		{13969C32-692A-4EBB-8962-5BBDB616A2BA} = {6B9E58FC-93EE-4AA5-B240-09248325C741}
		{1D682F5D-8A8A-43A7-B787-2565E7F49457} = {58AEF07E-202D-4901-813F-667311ED9DA4}
		{D2EAADBC-5A4F-4F60-A5A9-E0F9C2E511F3} = {079A9D84-0122-4109-B02B-FF429B52B1B0}
		{1A68E98B-A222-4760-A30E-C789A767BB52} = {E5EA2810-4634-43CE-B14C-9F8E50D0ADA3}
		{C7AA759C-E4B8-431C-A47E-8C7E9706FBE4} = {9941B0A2-6B2C-4FB6-943D-27BA05E57FF7}
		{40A5D474-00ED-4781-A355-BAEE4937358D} = {E6DCD530-17C7-4C03-AF4F-31840ADEFF2A}
		{E40668D8-374D-47BC-AA7E-12158855A60F} = {729DF9BE-4876-43CC-AFCC-9129C9E2E003}
		{0B468C23-7006-4CFC-8ACA-2BBAE2D35344} = {1D682F5D-8A8A-43A7-B787-2565E7F49457}
		{55BADD28-0357-454E-AA85-259BE92649AC} = {13969C32-692A-4EBB-8962-5BBDB616A2BA}
		{1B93C472-776E-438E-9B44-A7C5E17E76CD} = {D2EAADBC-5A4F-4F60-A5A9-E0F9C2E511F3}
		{D503DDA5-5A85-45FB-BA95-6B3821D0344D} = {AAB8479C-18DF-41BD-9944-FAF30CAEF8E7}
		{AEAE38A8-567B-42AB-99DF-663B32FB79AD} = {D503DDA5-5A85-45FB-BA95-6B3821D0344D}
		{87CBA2EE-3055-44F2-913F-E58656B0DA51} = {C161A9AA-0154-4FD9-918F-0FA9E64C32EE}
		{CAF10C53-BF35-4C6C-8C12-AE98077FB11A} = {87CBA2EE-3055-44F2-913F-E58656B0DA51}
		{D7249D74-44BE-4302-950E-BA7584CAD47C} = {C161A9AA-0154-4FD9-918F-0FA9E64C32EE}
		{CC5E0B4F-FA7B-4F7F-8482-169145BBDCDC} = {D7249D74-44BE-4302-950E-BA7584CAD47C}
		{A72BE1F4-0784-470E-9FEA-CDB665EB98FA} = {D7249D74-44BE-4302-950E-BA7584CAD47C}
		{BDC0A597-C0F6-4B3E-91D2-1B3CD0E18A1E} = {87CBA2EE-3055-44F2-913F-E58656B0DA51}
		{A297BB39-9C75-407B-9936-4EE6E4F059A1} = {AC0F3076-4C87-4563-93B3-94BBFD677F34}
		{2FB52F6F-E8CE-4442-921B-8FF0044947A8} = {A297BB39-9C75-407B-9936-4EE6E4F059A1}
	EndGlobalSection
	GlobalSection(ExtensibilityGlobals) = postSolution
		SolutionGuid = {DAE37A10-D5ED-430E-9A4E-03B5DF644084}
	EndGlobalSection
EndGlobal
