
Microsoft Visual Studio Solution File, Format Version 12.00
# Visual Studio Version 16
VisualStudioVersion = 16.0.29001.49
MinimumVisualStudioVersion = 10.0.40219.1
Project("{FAE04EC0-301F-11D3-BF4B-00C04F79EFBC}") = "ZipLib", "ZipLib\ZipLib.csproj", "{9F008A35-4D5B-49D3-BC33-75E6F7488E09}"
EndProject
Project("{2150E333-8FDC-42A3-9474-1A3956D46DE8}") = "Test", "Test", "{4235B879-0D3E-471F-AAC6-BDE4E665014B}"
EndProject
Project("{FAE04EC0-301F-11D3-BF4B-00C04F79EFBC}") = "XunitZipTests", "Test\XunitZipTests\XunitZipTests.csproj", "{1C7F6A22-5D5F-4AE6-9D88-E536D6742351}"
EndProject
Global
	GlobalSection(SolutionConfigurationPlatforms) = preSolution
		Debug|Any CPU = Debug|Any CPU
		Release|Any CPU = Release|Any CPU
	EndGlobalSection
	GlobalSection(ProjectConfigurationPlatforms) = postSolution
		{9F008A35-4D5B-49D3-BC33-75E6F7488E09}.Debug|Any CPU.ActiveCfg = Debug|Any CPU
		{9F008A35-4D5B-49D3-BC33-75E6F7488E09}.Debug|Any CPU.Build.0 = Debug|Any CPU
		{9F008A35-4D5B-49D3-BC33-75E6F7488E09}.Release|Any CPU.ActiveCfg = Release|Any CPU
		{9F008A35-4D5B-49D3-BC33-75E6F7488E09}.Release|Any CPU.Build.0 = Release|Any CPU
		{1C7F6A22-5D5F-4AE6-9D88-E536D6742351}.Debug|Any CPU.ActiveCfg = Debug|Any CPU
		{1C7F6A22-5D5F-4AE6-9D88-E536D6742351}.Debug|Any CPU.Build.0 = Debug|Any CPU
		{1C7F6A22-5D5F-4AE6-9D88-E536D6742351}.Release|Any CPU.ActiveCfg = Release|Any CPU
		{1C7F6A22-5D5F-4AE6-9D88-E536D6742351}.Release|Any CPU.Build.0 = Release|Any CPU
	EndGlobalSection
	GlobalSection(SolutionProperties) = preSolution
		HideSolutionNode = FALSE
	EndGlobalSection
	GlobalSection(ExtensibilityGlobals) = postSolution
		SolutionGuid = {1D7D3E05-B061-4820-B8BB-E08D74EDDE2F}
	EndGlobalSection
	GlobalSection(NestedProjects) = preSolution
		{1C7F6A22-5D5F-4AE6-9D88-E536D6742351} = {4235B879-0D3E-471F-AAC6-BDE4E665014B}
	EndGlobalSection
EndGlobal
